
Microsoft Visual Studio Solution File, Format Version 12.00
# Visual Studio Version 17
VisualStudioVersion = 17.2.32616.157
MinimumVisualStudioVersion = 10.0.40219.1
Project("{9A19103F-16F7-4668-BE54-9A1E7A4F7556}") = "Train.Data", "Train.Data\Train.Data.csproj", "{535D33AA-9686-4E53-B5A1-838E33E448DA}"
EndProject
Project("{FAE04EC0-301F-11D3-BF4B-00C04F79EFBC}") = "TrainAssignment", "TrainAssignment\TrainAssignment.csproj", "{0B643160-7D0E-4E2D-B5AF-565B8AEB440A}"
EndProject
Global
	GlobalSection(SolutionConfigurationPlatforms) = preSolution
		Debug|Any CPU = Debug|Any CPU
		Release|Any CPU = Release|Any CPU
	EndGlobalSection
	GlobalSection(ProjectConfigurationPlatforms) = postSolution
		{535D33AA-9686-4E53-B5A1-838E33E448DA}.Debug|Any CPU.ActiveCfg = Debug|Any CPU
		{535D33AA-9686-4E53-B5A1-838E33E448DA}.Debug|Any CPU.Build.0 = Debug|Any CPU
		{535D33AA-9686-4E53-B5A1-838E33E448DA}.Release|Any CPU.ActiveCfg = Release|Any CPU
		{535D33AA-9686-4E53-B5A1-838E33E448DA}.Release|Any CPU.Build.0 = Release|Any CPU
		{0B643160-7D0E-4E2D-B5AF-565B8AEB440A}.Debug|Any CPU.ActiveCfg = Debug|Any CPU
		{0B643160-7D0E-4E2D-B5AF-565B8AEB440A}.Debug|Any CPU.Build.0 = Debug|Any CPU
		{0B643160-7D0E-4E2D-B5AF-565B8AEB440A}.Release|Any CPU.ActiveCfg = Release|Any CPU
		{0B643160-7D0E-4E2D-B5AF-565B8AEB440A}.Release|Any CPU.Build.0 = Release|Any CPU
	EndGlobalSection
	GlobalSection(SolutionProperties) = preSolution
		HideSolutionNode = FALSE
	EndGlobalSection
	GlobalSection(ExtensibilityGlobals) = postSolution
		SolutionGuid = {DC0FD7B9-7D86-4971-A0DD-6A17D84EF5F7}
	EndGlobalSection
EndGlobal
